
Microsoft Visual Studio Solution File, Format Version 12.00
# Visual Studio Version 16
VisualStudioVersion = 16.0.32106.194
MinimumVisualStudioVersion = 10.0.40219.1
Project("{FAE04EC0-301F-11D3-BF4B-00C04F79EFBC}") = "SalesWebMvc", "SalesWebMvc\SalesWebMvc.csproj", "{BCE79386-80B9-4684-B229-98B1087E3339}"
EndProject
Global
	GlobalSection(SolutionConfigurationPlatforms) = preSolution
		Debug|Any CPU = Debug|Any CPU
		Release|Any CPU = Release|Any CPU
	EndGlobalSection
	GlobalSection(ProjectConfigurationPlatforms) = postSolution
		{BCE79386-80B9-4684-B229-98B1087E3339}.Debug|Any CPU.ActiveCfg = Debug|Any CPU
		{BCE79386-80B9-4684-B229-98B1087E3339}.Debug|Any CPU.Build.0 = Debug|Any CPU
		{BCE79386-80B9-4684-B229-98B1087E3339}.Release|Any CPU.ActiveCfg = Release|Any CPU
		{BCE79386-80B9-4684-B229-98B1087E3339}.Release|Any CPU.Build.0 = Release|Any CPU
	EndGlobalSection
	GlobalSection(SolutionProperties) = preSolution
		HideSolutionNode = FALSE
	EndGlobalSection
	GlobalSection(ExtensibilityGlobals) = postSolution
		SolutionGuid = {72465FE0-0E79-4A70-987D-3A95E96D61FB}
	EndGlobalSection
EndGlobal
